// !$*UTF8*$!
{
	archiveVersion = 1;
	classes = {
	};
	objectVersion = 51;
	objects = {

/* Begin PBXBuildFile section */
		6CA8FBA97ED4945F948B229E /* Pods_MilageTracker.framework in Frameworks */ = {isa = PBXBuildFile; fileRef = 82962CDD2DE5FDC0827425F7 /* Pods_MilageTracker.framework */; };
		780FEDFE26D5BCC900E75D4E /* AppDelegate.swift in Sources */ = {isa = PBXBuildFile; fileRef = 780FEDFD26D5BCC900E75D4E /* AppDelegate.swift */; };
		780FEE0026D5BCC900E75D4E /* SceneDelegate.swift in Sources */ = {isa = PBXBuildFile; fileRef = 780FEDFF26D5BCC900E75D4E /* SceneDelegate.swift */; };
		780FEE0726D5BCCB00E75D4E /* Assets.xcassets in Resources */ = {isa = PBXBuildFile; fileRef = 780FEE0626D5BCCB00E75D4E /* Assets.xcassets */; };
		780FEE0A26D5BCCB00E75D4E /* LaunchScreen.storyboard in Resources */ = {isa = PBXBuildFile; fileRef = 780FEE0826D5BCCB00E75D4E /* LaunchScreen.storyboard */; };
		780FEE1226D5C54F00E75D4E /* GoogleService-Info.plist in Resources */ = {isa = PBXBuildFile; fileRef = 780FEE1126D5C54F00E75D4E /* GoogleService-Info.plist */; };
		780FEE1926D5DC3900E75D4E /* HomeViewModel.swift in Sources */ = {isa = PBXBuildFile; fileRef = 780FEE1826D5DC3900E75D4E /* HomeViewModel.swift */; };
		780FEE1B26D5DC5400E75D4E /* HomeViewController.swift in Sources */ = {isa = PBXBuildFile; fileRef = 780FEE1A26D5DC5400E75D4E /* HomeViewController.swift */; };
		780FEE1D26D5DDF700E75D4E /* Trip.swift in Sources */ = {isa = PBXBuildFile; fileRef = 780FEE1C26D5DDF700E75D4E /* Trip.swift */; };
		780FEE1F26D5DF8E00E75D4E /* Task.swift in Sources */ = {isa = PBXBuildFile; fileRef = 780FEE1E26D5DF8E00E75D4E /* Task.swift */; };
		780FEE2126D5E09C00E75D4E /* Home.storyboard in Resources */ = {isa = PBXBuildFile; fileRef = 780FEE2026D5E09C00E75D4E /* Home.storyboard */; };
/* End PBXBuildFile section */

/* Begin PBXFileReference section */
		780FEDFA26D5BCC900E75D4E /* MilageTracker.app */ = {isa = PBXFileReference; explicitFileType = wrapper.application; includeInIndex = 0; path = MilageTracker.app; sourceTree = BUILT_PRODUCTS_DIR; };
		780FEDFD26D5BCC900E75D4E /* AppDelegate.swift */ = {isa = PBXFileReference; lastKnownFileType = sourcecode.swift; path = AppDelegate.swift; sourceTree = "<group>"; };
		780FEDFF26D5BCC900E75D4E /* SceneDelegate.swift */ = {isa = PBXFileReference; lastKnownFileType = sourcecode.swift; path = SceneDelegate.swift; sourceTree = "<group>"; };
		780FEE0626D5BCCB00E75D4E /* Assets.xcassets */ = {isa = PBXFileReference; lastKnownFileType = folder.assetcatalog; path = Assets.xcassets; sourceTree = "<group>"; };
		780FEE0926D5BCCB00E75D4E /* Base */ = {isa = PBXFileReference; lastKnownFileType = file.storyboard; name = Base; path = Base.lproj/LaunchScreen.storyboard; sourceTree = "<group>"; };
		780FEE0B26D5BCCB00E75D4E /* Info.plist */ = {isa = PBXFileReference; lastKnownFileType = text.plist.xml; path = Info.plist; sourceTree = "<group>"; };
		780FEE1126D5C54F00E75D4E /* GoogleService-Info.plist */ = {isa = PBXFileReference; fileEncoding = 4; lastKnownFileType = text.plist.xml; path = "GoogleService-Info.plist"; sourceTree = "<group>"; };
		780FEE1826D5DC3900E75D4E /* HomeViewModel.swift */ = {isa = PBXFileReference; lastKnownFileType = sourcecode.swift; path = HomeViewModel.swift; sourceTree = "<group>"; };
		780FEE1A26D5DC5400E75D4E /* HomeViewController.swift */ = {isa = PBXFileReference; lastKnownFileType = sourcecode.swift; path = HomeViewController.swift; sourceTree = "<group>"; };
		780FEE1C26D5DDF700E75D4E /* Trip.swift */ = {isa = PBXFileReference; lastKnownFileType = sourcecode.swift; path = Trip.swift; sourceTree = "<group>"; };
		780FEE1E26D5DF8E00E75D4E /* Task.swift */ = {isa = PBXFileReference; lastKnownFileType = sourcecode.swift; path = Task.swift; sourceTree = "<group>"; };
		780FEE2026D5E09C00E75D4E /* Home.storyboard */ = {isa = PBXFileReference; lastKnownFileType = file.storyboard; path = Home.storyboard; sourceTree = "<group>"; };
		82962CDD2DE5FDC0827425F7 /* Pods_MilageTracker.framework */ = {isa = PBXFileReference; explicitFileType = wrapper.framework; includeInIndex = 0; path = Pods_MilageTracker.framework; sourceTree = BUILT_PRODUCTS_DIR; };
		A12AAC5B5979493D5A96F3A8 /* Pods-MilageTracker.release.xcconfig */ = {isa = PBXFileReference; includeInIndex = 1; lastKnownFileType = text.xcconfig; name = "Pods-MilageTracker.release.xcconfig"; path = "Target Support Files/Pods-MilageTracker/Pods-MilageTracker.release.xcconfig"; sourceTree = "<group>"; };
		C6E0DF20FF109FCE4A6517F0 /* Pods-MilageTracker.debug.xcconfig */ = {isa = PBXFileReference; includeInIndex = 1; lastKnownFileType = text.xcconfig; name = "Pods-MilageTracker.debug.xcconfig"; path = "Target Support Files/Pods-MilageTracker/Pods-MilageTracker.debug.xcconfig"; sourceTree = "<group>"; };
/* End PBXFileReference section */

/* Begin PBXFrameworksBuildPhase section */
		780FEDF726D5BCC900E75D4E /* Frameworks */ = {
			isa = PBXFrameworksBuildPhase;
			buildActionMask = 2147483647;
			files = (
				6CA8FBA97ED4945F948B229E /* Pods_MilageTracker.framework in Frameworks */,
			);
			runOnlyForDeploymentPostprocessing = 0;
		};
/* End PBXFrameworksBuildPhase section */

/* Begin PBXGroup section */
		780FEDF126D5BCC900E75D4E = {
			isa = PBXGroup;
			children = (
				780FEDFC26D5BCC900E75D4E /* MilageTracker */,
				780FEDFB26D5BCC900E75D4E /* Products */,
				CCCCD8DC8EB1D0B9D6CFFE41 /* Pods */,
				F25C32B7C2E99C7C251519F3 /* Frameworks */,
			);
			sourceTree = "<group>";
		};
		780FEDFB26D5BCC900E75D4E /* Products */ = {
			isa = PBXGroup;
			children = (
				780FEDFA26D5BCC900E75D4E /* MilageTracker.app */,
			);
			name = Products;
			sourceTree = "<group>";
		};
		780FEDFC26D5BCC900E75D4E /* MilageTracker */ = {
			isa = PBXGroup;
			children = (
				780FEE1326D5DC0F00E75D4E /* Home */,
				780FEE1126D5C54F00E75D4E /* GoogleService-Info.plist */,
				780FEDFD26D5BCC900E75D4E /* AppDelegate.swift */,
				780FEDFF26D5BCC900E75D4E /* SceneDelegate.swift */,
				780FEE0626D5BCCB00E75D4E /* Assets.xcassets */,
				780FEE0826D5BCCB00E75D4E /* LaunchScreen.storyboard */,
				780FEE0B26D5BCCB00E75D4E /* Info.plist */,
				780FEE1E26D5DF8E00E75D4E /* Task.swift */,
			);
			path = MilageTracker;
			sourceTree = "<group>";
		};
		780FEE1326D5DC0F00E75D4E /* Home */ = {
			isa = PBXGroup;
			children = (
				780FEE1726D5DC2600E75D4E /* ViewModel */,
				780FEE1626D5DC2000E75D4E /* Controller */,
				780FEE1526D5DC1A00E75D4E /* Model */,
				780FEE1426D5DC1500E75D4E /* View */,
			);
			path = Home;
			sourceTree = "<group>";
		};
		780FEE1426D5DC1500E75D4E /* View */ = {
			isa = PBXGroup;
			children = (
				780FEE2026D5E09C00E75D4E /* Home.storyboard */,
			);
			path = View;
			sourceTree = "<group>";
		};
		780FEE1526D5DC1A00E75D4E /* Model */ = {
			isa = PBXGroup;
			children = (
				780FEE1C26D5DDF700E75D4E /* Trip.swift */,
			);
			path = Model;
			sourceTree = "<group>";
		};
		780FEE1626D5DC2000E75D4E /* Controller */ = {
			isa = PBXGroup;
			children = (
				780FEE1A26D5DC5400E75D4E /* HomeViewController.swift */,
			);
			path = Controller;
			sourceTree = "<group>";
		};
		780FEE1726D5DC2600E75D4E /* ViewModel */ = {
			isa = PBXGroup;
			children = (
				780FEE1826D5DC3900E75D4E /* HomeViewModel.swift */,
			);
			path = ViewModel;
			sourceTree = "<group>";
		};
		CCCCD8DC8EB1D0B9D6CFFE41 /* Pods */ = {
			isa = PBXGroup;
			children = (
				C6E0DF20FF109FCE4A6517F0 /* Pods-MilageTracker.debug.xcconfig */,
				A12AAC5B5979493D5A96F3A8 /* Pods-MilageTracker.release.xcconfig */,
			);
			path = Pods;
			sourceTree = "<group>";
		};
		F25C32B7C2E99C7C251519F3 /* Frameworks */ = {
			isa = PBXGroup;
			children = (
				82962CDD2DE5FDC0827425F7 /* Pods_MilageTracker.framework */,
			);
			name = Frameworks;
			sourceTree = "<group>";
		};
/* End PBXGroup section */

/* Begin PBXNativeTarget section */
		780FEDF926D5BCC900E75D4E /* MilageTracker */ = {
			isa = PBXNativeTarget;
			buildConfigurationList = 780FEE0E26D5BCCB00E75D4E /* Build configuration list for PBXNativeTarget "MilageTracker" */;
			buildPhases = (
				677DD10344079BADF1E936AC /* [CP] Check Pods Manifest.lock */,
				780FEDF626D5BCC900E75D4E /* Sources */,
				780FEDF726D5BCC900E75D4E /* Frameworks */,
				780FEDF826D5BCC900E75D4E /* Resources */,
				E13504FB57861884941BCBE7 /* [CP] Embed Pods Frameworks */,
			);
			buildRules = (
			);
			dependencies = (
			);
			name = MilageTracker;
			productName = MilageTracker;
			productReference = 780FEDFA26D5BCC900E75D4E /* MilageTracker.app */;
			productType = "com.apple.product-type.application";
		};
/* End PBXNativeTarget section */

/* Begin PBXProject section */
		780FEDF226D5BCC900E75D4E /* Project object */ = {
			isa = PBXProject;
			attributes = {
				LastSwiftUpdateCheck = 1250;
				LastUpgradeCheck = 1250;
				TargetAttributes = {
					780FEDF926D5BCC900E75D4E = {
						CreatedOnToolsVersion = 12.5.1;
					};
				};
			};
			buildConfigurationList = 780FEDF526D5BCC900E75D4E /* Build configuration list for PBXProject "MilageTracker" */;
			compatibilityVersion = "Xcode 9.3";
			developmentRegion = en;
			hasScannedForEncodings = 0;
			knownRegions = (
				en,
				Base,
			);
			mainGroup = 780FEDF126D5BCC900E75D4E;
			productRefGroup = 780FEDFB26D5BCC900E75D4E /* Products */;
			projectDirPath = "";
			projectRoot = "";
			targets = (
				780FEDF926D5BCC900E75D4E /* MilageTracker */,
			);
		};
/* End PBXProject section */

/* Begin PBXResourcesBuildPhase section */
		780FEDF826D5BCC900E75D4E /* Resources */ = {
			isa = PBXResourcesBuildPhase;
			buildActionMask = 2147483647;
			files = (
				780FEE0A26D5BCCB00E75D4E /* LaunchScreen.storyboard in Resources */,
				780FEE2126D5E09C00E75D4E /* Home.storyboard in Resources */,
				780FEE1226D5C54F00E75D4E /* GoogleService-Info.plist in Resources */,
				780FEE0726D5BCCB00E75D4E /* Assets.xcassets in Resources */,
			);
			runOnlyForDeploymentPostprocessing = 0;
		};
/* End PBXResourcesBuildPhase section */

/* Begin PBXShellScriptBuildPhase section */
		677DD10344079BADF1E936AC /* [CP] Check Pods Manifest.lock */ = {
			isa = PBXShellScriptBuildPhase;
			buildActionMask = 2147483647;
			files = (
			);
			inputFileListPaths = (
			);
			inputPaths = (
				"${PODS_PODFILE_DIR_PATH}/Podfile.lock",
				"${PODS_ROOT}/Manifest.lock",
			);
			name = "[CP] Check Pods Manifest.lock";
			outputFileListPaths = (
			);
			outputPaths = (
				"$(DERIVED_FILE_DIR)/Pods-MilageTracker-checkManifestLockResult.txt",
			);
			runOnlyForDeploymentPostprocessing = 0;
			shellPath = /bin/sh;
			shellScript = "diff \"${PODS_PODFILE_DIR_PATH}/Podfile.lock\" \"${PODS_ROOT}/Manifest.lock\" > /dev/null\nif [ $? != 0 ] ; then\n    # print error to STDERR\n    echo \"error: The sandbox is not in sync with the Podfile.lock. Run 'pod install' or update your CocoaPods installation.\" >&2\n    exit 1\nfi\n# This output is used by Xcode 'outputs' to avoid re-running this script phase.\necho \"SUCCESS\" > \"${SCRIPT_OUTPUT_FILE_0}\"\n";
			showEnvVarsInLog = 0;
		};
		E13504FB57861884941BCBE7 /* [CP] Embed Pods Frameworks */ = {
			isa = PBXShellScriptBuildPhase;
			buildActionMask = 2147483647;
			files = (
			);
			inputFileListPaths = (
				"${PODS_ROOT}/Target Support Files/Pods-MilageTracker/Pods-MilageTracker-frameworks-${CONFIGURATION}-input-files.xcfilelist",
			);
			name = "[CP] Embed Pods Frameworks";
			outputFileListPaths = (
				"${PODS_ROOT}/Target Support Files/Pods-MilageTracker/Pods-MilageTracker-frameworks-${CONFIGURATION}-output-files.xcfilelist",
			);
			runOnlyForDeploymentPostprocessing = 0;
			shellPath = /bin/sh;
			shellScript = "\"${PODS_ROOT}/Target Support Files/Pods-MilageTracker/Pods-MilageTracker-frameworks.sh\"\n";
			showEnvVarsInLog = 0;
		};
/* End PBXShellScriptBuildPhase section */

/* Begin PBXSourcesBuildPhase section */
		780FEDF626D5BCC900E75D4E /* Sources */ = {
			isa = PBXSourcesBuildPhase;
			buildActionMask = 2147483647;
			files = (
				780FEE1D26D5DDF700E75D4E /* Trip.swift in Sources */,
				780FEE1B26D5DC5400E75D4E /* HomeViewController.swift in Sources */,
				780FEDFE26D5BCC900E75D4E /* AppDelegate.swift in Sources */,
				780FEE1926D5DC3900E75D4E /* HomeViewModel.swift in Sources */,
				780FEE1F26D5DF8E00E75D4E /* Task.swift in Sources */,
				780FEE0026D5BCC900E75D4E /* SceneDelegate.swift in Sources */,
			);
			runOnlyForDeploymentPostprocessing = 0;
		};
/* End PBXSourcesBuildPhase section */

/* Begin PBXVariantGroup section */
		780FEE0826D5BCCB00E75D4E /* LaunchScreen.storyboard */ = {
			isa = PBXVariantGroup;
			children = (
				780FEE0926D5BCCB00E75D4E /* Base */,
			);
			name = LaunchScreen.storyboard;
			sourceTree = "<group>";
		};
/* End PBXVariantGroup section */

/* Begin XCBuildConfiguration section */
		780FEE0C26D5BCCB00E75D4E /* Debug */ = {
			isa = XCBuildConfiguration;
			buildSettings = {
				ALWAYS_SEARCH_USER_PATHS = NO;
				CLANG_ANALYZER_NONNULL = YES;
				CLANG_ANALYZER_NUMBER_OBJECT_CONVERSION = YES_AGGRESSIVE;
				CLANG_CXX_LANGUAGE_STANDARD = "gnu++14";
				CLANG_CXX_LIBRARY = "libc++";
				CLANG_ENABLE_MODULES = YES;
				CLANG_ENABLE_OBJC_ARC = YES;
				CLANG_ENABLE_OBJC_WEAK = YES;
				CLANG_WARN_BLOCK_CAPTURE_AUTORELEASING = YES;
				CLANG_WARN_BOOL_CONVERSION = YES;
				CLANG_WARN_COMMA = YES;
				CLANG_WARN_CONSTANT_CONVERSION = YES;
				CLANG_WARN_DEPRECATED_OBJC_IMPLEMENTATIONS = YES;
				CLANG_WARN_DIRECT_OBJC_ISA_USAGE = YES_ERROR;
				CLANG_WARN_DOCUMENTATION_COMMENTS = YES;
				CLANG_WARN_EMPTY_BODY = YES;
				CLANG_WARN_ENUM_CONVERSION = YES;
				CLANG_WARN_INFINITE_RECURSION = YES;
				CLANG_WARN_INT_CONVERSION = YES;
				CLANG_WARN_NON_LITERAL_NULL_CONVERSION = YES;
				CLANG_WARN_OBJC_IMPLICIT_RETAIN_SELF = YES;
				CLANG_WARN_OBJC_LITERAL_CONVERSION = YES;
				CLANG_WARN_OBJC_ROOT_CLASS = YES_ERROR;
				CLANG_WARN_QUOTED_INCLUDE_IN_FRAMEWORK_HEADER = YES;
				CLANG_WARN_RANGE_LOOP_ANALYSIS = YES;
				CLANG_WARN_STRICT_PROTOTYPES = YES;
				CLANG_WARN_SUSPICIOUS_MOVE = YES;
				CLANG_WARN_UNGUARDED_AVAILABILITY = YES_AGGRESSIVE;
				CLANG_WARN_UNREACHABLE_CODE = YES;
				CLANG_WARN__DUPLICATE_METHOD_MATCH = YES;
				COPY_PHASE_STRIP = NO;
				DEBUG_INFORMATION_FORMAT = dwarf;
				ENABLE_STRICT_OBJC_MSGSEND = YES;
				ENABLE_TESTABILITY = YES;
				GCC_C_LANGUAGE_STANDARD = gnu11;
				GCC_DYNAMIC_NO_PIC = NO;
				GCC_NO_COMMON_BLOCKS = YES;
				GCC_OPTIMIZATION_LEVEL = 0;
				GCC_PREPROCESSOR_DEFINITIONS = (
					"DEBUG=1",
					"$(inherited)",
				);
				GCC_WARN_64_TO_32_BIT_CONVERSION = YES;
				GCC_WARN_ABOUT_RETURN_TYPE = YES_ERROR;
				GCC_WARN_UNDECLARED_SELECTOR = YES;
				GCC_WARN_UNINITIALIZED_AUTOS = YES_AGGRESSIVE;
				GCC_WARN_UNUSED_FUNCTION = YES;
				GCC_WARN_UNUSED_VARIABLE = YES;
				IPHONEOS_DEPLOYMENT_TARGET = 14.5;
				MTL_ENABLE_DEBUG_INFO = INCLUDE_SOURCE;
				MTL_FAST_MATH = YES;
				ONLY_ACTIVE_ARCH = YES;
				SDKROOT = iphoneos;
				SWIFT_ACTIVE_COMPILATION_CONDITIONS = DEBUG;
				SWIFT_OPTIMIZATION_LEVEL = "-Onone";
			};
			name = Debug;
		};
		780FEE0D26D5BCCB00E75D4E /* Release */ = {
			isa = XCBuildConfiguration;
			buildSettings = {
				ALWAYS_SEARCH_USER_PATHS = NO;
				CLANG_ANALYZER_NONNULL = YES;
				CLANG_ANALYZER_NUMBER_OBJECT_CONVERSION = YES_AGGRESSIVE;
				CLANG_CXX_LANGUAGE_STANDARD = "gnu++14";
				CLANG_CXX_LIBRARY = "libc++";
				CLANG_ENABLE_MODULES = YES;
				CLANG_ENABLE_OBJC_ARC = YES;
				CLANG_ENABLE_OBJC_WEAK = YES;
				CLANG_WARN_BLOCK_CAPTURE_AUTORELEASING = YES;
				CLANG_WARN_BOOL_CONVERSION = YES;
				CLANG_WARN_COMMA = YES;
				CLANG_WARN_CONSTANT_CONVERSION = YES;
				CLANG_WARN_DEPRECATED_OBJC_IMPLEMENTATIONS = YES;
				CLANG_WARN_DIRECT_OBJC_ISA_USAGE = YES_ERROR;
				CLANG_WARN_DOCUMENTATION_COMMENTS = YES;
				CLANG_WARN_EMPTY_BODY = YES;
				CLANG_WARN_ENUM_CONVERSION = YES;
				CLANG_WARN_INFINITE_RECURSION = YES;
				CLANG_WARN_INT_CONVERSION = YES;
				CLANG_WARN_NON_LITERAL_NULL_CONVERSION = YES;
				CLANG_WARN_OBJC_IMPLICIT_RETAIN_SELF = YES;
				CLANG_WARN_OBJC_LITERAL_CONVERSION = YES;
				CLANG_WARN_OBJC_ROOT_CLASS = YES_ERROR;
				CLANG_WARN_QUOTED_INCLUDE_IN_FRAMEWORK_HEADER = YES;
				CLANG_WARN_RANGE_LOOP_ANALYSIS = YES;
				CLANG_WARN_STRICT_PROTOTYPES = YES;
				CLANG_WARN_SUSPICIOUS_MOVE = YES;
				CLANG_WARN_UNGUARDED_AVAILABILITY = YES_AGGRESSIVE;
				CLANG_WARN_UNREACHABLE_CODE = YES;
				CLANG_WARN__DUPLICATE_METHOD_MATCH = YES;
				COPY_PHASE_STRIP = NO;
				DEBUG_INFORMATION_FORMAT = "dwarf-with-dsym";
				ENABLE_NS_ASSERTIONS = NO;
				ENABLE_STRICT_OBJC_MSGSEND = YES;
				GCC_C_LANGUAGE_STANDARD = gnu11;
				GCC_NO_COMMON_BLOCKS = YES;
				GCC_WARN_64_TO_32_BIT_CONVERSION = YES;
				GCC_WARN_ABOUT_RETURN_TYPE = YES_ERROR;
				GCC_WARN_UNDECLARED_SELECTOR = YES;
				GCC_WARN_UNINITIALIZED_AUTOS = YES_AGGRESSIVE;
				GCC_WARN_UNUSED_FUNCTION = YES;
				GCC_WARN_UNUSED_VARIABLE = YES;
				IPHONEOS_DEPLOYMENT_TARGET = 14.5;
				MTL_ENABLE_DEBUG_INFO = NO;
				MTL_FAST_MATH = YES;
				SDKROOT = iphoneos;
				SWIFT_COMPILATION_MODE = wholemodule;
				SWIFT_OPTIMIZATION_LEVEL = "-O";
				VALIDATE_PRODUCT = YES;
			};
			name = Release;
		};
		780FEE0F26D5BCCB00E75D4E /* Debug */ = {
			isa = XCBuildConfiguration;
			baseConfigurationReference = C6E0DF20FF109FCE4A6517F0 /* Pods-MilageTracker.debug.xcconfig */;
			buildSettings = {
				ASSETCATALOG_COMPILER_APPICON_NAME = AppIcon;
				ASSETCATALOG_COMPILER_GLOBAL_ACCENT_COLOR_NAME = AccentColor;
				CODE_SIGN_STYLE = Automatic;
				DEVELOPMENT_TEAM = 5A693V6KR5;
				INFOPLIST_FILE = MilageTracker/Info.plist;
				LD_RUNPATH_SEARCH_PATHS = (
					"$(inherited)",
					"@executable_path/Frameworks",
				);
				PRODUCT_BUNDLE_IDENTIFIER = com.app.MilageTracker;
				PRODUCT_NAME = "$(TARGET_NAME)";
				SWIFT_VERSION = 5.0;
				TARGETED_DEVICE_FAMILY = "1,2";
			};
			name = Debug;
		};
		780FEE1026D5BCCB00E75D4E /* Release */ = {
			isa = XCBuildConfiguration;
			baseConfigurationReference = A12AAC5B5979493D5A96F3A8 /* Pods-MilageTracker.release.xcconfig */;
			buildSettings = {
				ASSETCATALOG_COMPILER_APPICON_NAME = AppIcon;
				ASSETCATALOG_COMPILER_GLOBAL_ACCENT_COLOR_NAME = AccentColor;
				CODE_SIGN_STYLE = Automatic;
				DEVELOPMENT_TEAM = 5A693V6KR5;
				INFOPLIST_FILE = MilageTracker/Info.plist;
				LD_RUNPATH_SEARCH_PATHS = (
					"$(inherited)",
					"@executable_path/Frameworks",
				);
				PRODUCT_BUNDLE_IDENTIFIER = com.app.MilageTracker;
				PRODUCT_NAME = "$(TARGET_NAME)";
				SWIFT_VERSION = 5.0;
				TARGETED_DEVICE_FAMILY = "1,2";
			};
			name = Release;
		};
/* End XCBuildConfiguration section */

/* Begin XCConfigurationList section */
		780FEDF526D5BCC900E75D4E /* Build configuration list for PBXProject "MilageTracker" */ = {
			isa = XCConfigurationList;
			buildConfigurations = (
				780FEE0C26D5BCCB00E75D4E /* Debug */,
				780FEE0D26D5BCCB00E75D4E /* Release */,
			);
			defaultConfigurationIsVisible = 0;
			defaultConfigurationName = Release;
		};
		780FEE0E26D5BCCB00E75D4E /* Build configuration list for PBXNativeTarget "MilageTracker" */ = {
			isa = XCConfigurationList;
			buildConfigurations = (
				780FEE0F26D5BCCB00E75D4E /* Debug */,
				780FEE1026D5BCCB00E75D4E /* Release */,
			);
			defaultConfigurationIsVisible = 0;
			defaultConfigurationName = Release;
		};
/* End XCConfigurationList section */
	};
	rootObject = 780FEDF226D5BCC900E75D4E /* Project object */;
}
